
Microsoft Visual Studio Solution File, Format Version 12.00
# Visual Studio Version 17
VisualStudioVersion = 17.9.34902.65
MinimumVisualStudioVersion = 10.0.40219.1
Project("{9A19103F-16F7-4668-BE54-9A1E7A4F7556}") = "Frontend", "Frontend\Frontend\Frontend.csproj", "{01219363-3A26-4A23-BF96-91677099BAE3}"
EndProject
Project("{9A19103F-16F7-4668-BE54-9A1E7A4F7556}") = "Frontend.Client", "Frontend\Frontend.Client\Frontend.Client.csproj", "{C876B1B2-038A-4185-8E8D-B6D5DD4923D7}"
EndProject
Global
	GlobalSection(SolutionConfigurationPlatforms) = preSolution
		Debug|Any CPU = Debug|Any CPU
		Release|Any CPU = Release|Any CPU
	EndGlobalSection
	GlobalSection(ProjectConfigurationPlatforms) = postSolution
		{01219363-3A26-4A23-BF96-91677099BAE3}.Debug|Any CPU.ActiveCfg = Debug|Any CPU
		{01219363-3A26-4A23-BF96-91677099BAE3}.Debug|Any CPU.Build.0 = Debug|Any CPU
		{01219363-3A26-4A23-BF96-91677099BAE3}.Release|Any CPU.ActiveCfg = Release|Any CPU
		{01219363-3A26-4A23-BF96-91677099BAE3}.Release|Any CPU.Build.0 = Release|Any CPU
		{C876B1B2-038A-4185-8E8D-B6D5DD4923D7}.Debug|Any CPU.ActiveCfg = Debug|Any CPU
		{C876B1B2-038A-4185-8E8D-B6D5DD4923D7}.Debug|Any CPU.Build.0 = Debug|Any CPU
		{C876B1B2-038A-4185-8E8D-B6D5DD4923D7}.Release|Any CPU.ActiveCfg = Release|Any CPU
		{C876B1B2-038A-4185-8E8D-B6D5DD4923D7}.Release|Any CPU.Build.0 = Release|Any CPU
	EndGlobalSection
	GlobalSection(SolutionProperties) = preSolution
		HideSolutionNode = FALSE
	EndGlobalSection
	GlobalSection(ExtensibilityGlobals) = postSolution
		SolutionGuid = {ABACE5B6-2AB2-4B61-921F-2F765862CBEA}
	EndGlobalSection
EndGlobal
